
Microsoft Visual Studio Solution File, Format Version 12.00
# Visual Studio Version 17
VisualStudioVersion = 17.14.36930.0 d17.14
MinimumVisualStudioVersion = 10.0.40219.1
Project("{FAE04EC0-301F-11D3-BF4B-00C04F79EFBC}") = "WpfApp1", "WpfApp1\WpfApp1.csproj", "{D821CF37-6C11-4544-89EF-6FB4747ED610}"
EndProject
Global
	GlobalSection(SolutionConfigurationPlatforms) = preSolution
		Debug|Any CPU = Debug|Any CPU
		Release|Any CPU = Release|Any CPU
	EndGlobalSection
	GlobalSection(ProjectConfigurationPlatforms) = postSolution
		{D821CF37-6C11-4544-89EF-6FB4747ED610}.Debug|Any CPU.ActiveCfg = Debug|Any CPU
		{D821CF37-6C11-4544-89EF-6FB4747ED610}.Debug|Any CPU.Build.0 = Debug|Any CPU
		{D821CF37-6C11-4544-89EF-6FB4747ED610}.Release|Any CPU.ActiveCfg = Release|Any CPU
		{D821CF37-6C11-4544-89EF-6FB4747ED610}.Release|Any CPU.Build.0 = Release|Any CPU
	EndGlobalSection
	GlobalSection(SolutionProperties) = preSolution
		HideSolutionNode = FALSE
	EndGlobalSection
	GlobalSection(ExtensibilityGlobals) = postSolution
		SolutionGuid = {62C29270-0F19-40CB-94BD-8A7766FED403}
	EndGlobalSection
EndGlobal
